
Microsoft Visual Studio Solution File, Format Version 10.00
# Visual Studio 2008
Project("{FAE04EC0-301F-11D3-BF4B-00C04F79EFBC}") = "SpacewarXboxMultithreaded", "SpacewarXboxMultithreaded\SpacewarXboxMultithreaded.csproj", "{A1ECBB8C-9EE8-4F28-8491-F2E9A515532A}"
EndProject
Global
	GlobalSection(SolutionConfigurationPlatforms) = preSolution
		Debug|Xbox 360 = Debug|Xbox 360
		Release|Xbox 360 = Release|Xbox 360
	EndGlobalSection
	GlobalSection(ProjectConfigurationPlatforms) = postSolution
		{A1ECBB8C-9EE8-4F28-8491-F2E9A515532A}.Debug|Xbox 360.ActiveCfg = Debug|Xbox 360
		{A1ECBB8C-9EE8-4F28-8491-F2E9A515532A}.Debug|Xbox 360.Build.0 = Debug|Xbox 360
		{A1ECBB8C-9EE8-4F28-8491-F2E9A515532A}.Debug|Xbox 360.Deploy.0 = Debug|Xbox 360
		{A1ECBB8C-9EE8-4F28-8491-F2E9A515532A}.Release|Xbox 360.ActiveCfg = Release|Xbox 360
		{A1ECBB8C-9EE8-4F28-8491-F2E9A515532A}.Release|Xbox 360.Build.0 = Release|Xbox 360
		{A1ECBB8C-9EE8-4F28-8491-F2E9A515532A}.Release|Xbox 360.Deploy.0 = Release|Xbox 360
		{76C8E0D8-1B0F-46EB-A249-63263E4193D0}.Debug|Xbox 360.ActiveCfg = Debug|Xbox 360
		{76C8E0D8-1B0F-46EB-A249-63263E4193D0}.Release|Xbox 360.ActiveCfg = Release|Xbox 360
	EndGlobalSection
	GlobalSection(SolutionProperties) = preSolution
		HideSolutionNode = FALSE
	EndGlobalSection
EndGlobal
